<?xml version="1.0" encoding="utf-8"?>
<Project ToolsVersion="4.0" xmlns="http://schemas.microsoft.com/developer/msbuild/2003">
  <ItemGroup>
    <Filter Include="Source Files">
      <UniqueIdentifier>{4FC737F1-C7A5-4376-A066-2A32D752A2FF}</UniqueIdentifier>
      <Extensions>cpp;c;cc;cxx;def;odl;idl;hpj;bat;asm;asmx</Extensions>
    </Filter>
    <Filter Include="Header Files">
      <UniqueIdentifier>{93995380-89BD-4b04-88EB-625FBE52EBFB}</UniqueIdentifier>
      <Extensions>h;hpp;hxx;hm;inl;inc;xsd</Extensions>
    </Filter>
    <Filter Include="Resource Files">
      <UniqueIdentifier>{67DA6AB6-F800-4c08-8B7A-83BB121AAD01}</UniqueIdentifier>
      <Extensions>rc;ico;cur;bmp;dlg;rc2;rct;bin;rgs;gif;jpg;jpeg;jpe;resx;tiff;tif;png;wav</Extensions>
    </Filter>
    <Filter Include="Libraries">
      <UniqueIdentifier>{ea0437b0-5e36-4d6e-8cf8-27949d8b2f8b}</UniqueIdentifier>
    </Filter>
    <Filter Include="Libraries\Json">
      <UniqueIdentifier>{468a0cd8-97c7-4644-9bde-f09133af1c52}</UniqueIdentifier>
    </Filter>
    <Filter Include="Libraries\Json\Source Files">
      <UniqueIdentifier>{152ca0dc-695d-47f1-b2c4-a3366ed57f1a}</UniqueIdentifier>
    </Filter>
    <Filter Include="Libraries\Json\Header Files">
      <UniqueIdentifier>{68561662-920c-4b28-afd0-31c0417f1606}</UniqueIdentifier>
    </Filter>
    <Filter Include="Libraries\OpenSSL">
      <UniqueIdentifier>{6262c085-0815-4717-82b4-cf46c3d86724}</UniqueIdentifier>
    </Filter>
    <Filter Include="Libraries\OpenSSL\Header Files">
      <UniqueIdentifier>{60cfa24f-a3fa-41df-869d-fcb7a58bb0cf}</UniqueIdentifier>
    </Filter>
    <Filter Include="Libraries\Base128">
      <UniqueIdentifier>{dcccd823-6252-4e4d-abea-2a86531cbbd1}</UniqueIdentifier>
    </Filter>
    <Filter Include="Libraries\Base128\Source Files">
      <UniqueIdentifier>{76929b9e-bcd9-4d64-9d3c-71b28cc835ac}</UniqueIdentifier>
    </Filter>
    <Filter Include="Libraries\Base128\Header Files">
      <UniqueIdentifier>{73aa7ba5-314c-42e3-8ef6-e4b5940a7691}</UniqueIdentifier>
    </Filter>
    <Filter Include="Libraries\Bitstream">
      <UniqueIdentifier>{179939ac-47cc-47bb-8780-bbd08f65fb04}</UniqueIdentifier>
    </Filter>
    <Filter Include="Libraries\Bitstream\Source Files">
      <UniqueIdentifier>{53252270-858f-48cc-818c-4d4d37429483}</UniqueIdentifier>
    </Filter>
    <Filter Include="Libraries\Bitstream\Header Files">
      <UniqueIdentifier>{65092a15-ef43-4b77-94f5-24afb6896a2f}</UniqueIdentifier>
    </Filter>
    <Filter Include="Libraries\LibUDis86">
      <UniqueIdentifier>{c936882c-7eff-4521-98ab-1a26239c3eec}</UniqueIdentifier>
    </Filter>
    <Filter Include="Libraries\LibUDis86\Source Files">
      <UniqueIdentifier>{bbebc3a3-35d9-47ea-8134-52884339e57b}</UniqueIdentifier>
    </Filter>
    <Filter Include="Libraries\LibUDis86\Header Files">
      <UniqueIdentifier>{168bb85d-d4b7-4510-b00e-67fe84a472ce}</UniqueIdentifier>
    </Filter>
  </ItemGroup>
  <ItemGroup>
    <ClCompile Include="gls_bspdecrypter.c">
      <Filter>Source Files</Filter>
    </ClCompile>
    <ClCompile Include="gls_challenge.c">
      <Filter>Source Files</Filter>
    </ClCompile>
    <ClCompile Include="gls_crashreport.c">
      <Filter>Source Files</Filter>
    </ClCompile>
    <ClCompile Include="gls_engine.c">
      <Filter>Source Files</Filter>
    </ClCompile>
    <ClCompile Include="gls_enginefuncs.c">
      <Filter>Source Files</Filter>
    </ClCompile>
    <ClCompile Include="gls_hrtimer.c">
      <Filter>Source Files</Filter>
    </ClCompile>
    <ClCompile Include="gls_main.c">
      <Filter>Source Files</Filter>
    </ClCompile>
    <ClCompile Include="gls_stresslevel.c">
      <Filter>Source Files</Filter>
    </ClCompile>
    <ClCompile Include="..\libraries\json\cJSON.c">
      <Filter>Libraries\Json\Source Files</Filter>
    </ClCompile>
    <ClCompile Include="..\libraries\encoding\base128.c">
      <Filter>Libraries\Base128\Source Files</Filter>
    </ClCompile>
    <ClCompile Include="..\libraries\encoding\bitstream.c">
      <Filter>Libraries\Bitstream\Source Files</Filter>
    </ClCompile>
    <ClCompile Include="..\libraries\libudis86\decode.c">
      <Filter>Libraries\LibUDis86\Source Files</Filter>
    </ClCompile>
    <ClCompile Include="..\libraries\libudis86\input.c">
      <Filter>Libraries\LibUDis86\Source Files</Filter>
    </ClCompile>
    <ClCompile Include="..\libraries\libudis86\itab.c">
      <Filter>Libraries\LibUDis86\Source Files</Filter>
    </ClCompile>
    <ClCompile Include="..\libraries\libudis86\syn-att.c">
      <Filter>Libraries\LibUDis86\Source Files</Filter>
    </ClCompile>
    <ClCompile Include="..\libraries\libudis86\syn-intel.c">
      <Filter>Libraries\LibUDis86\Source Files</Filter>
    </ClCompile>
    <ClCompile Include="..\libraries\libudis86\syn.c">
      <Filter>Libraries\LibUDis86\Source Files</Filter>
    </ClCompile>
    <ClCompile Include="..\libraries\libudis86\udis86.c">
      <Filter>Libraries\LibUDis86\Source Files</Filter>
    </ClCompile>
  </ItemGroup>
  <ItemGroup>
    <ClInclude Include="asmdefines.h">
      <Filter>Header Files</Filter>
    </ClInclude>
    <ClInclude Include="exports.h">
      <Filter>Header Files</Filter>
    </ClInclude>
    <ClInclude Include="gls_enginefuncs.h">
      <Filter>Header Files</Filter>
    </ClInclude>
    <ClInclude Include="gls_hrtimer.h">
      <Filter>Header Files</Filter>
    </ClInclude>
    <ClInclude Include="gls_main.h">
      <Filter>Header Files</Filter>
    </ClInclude>
    <ClInclude Include="resource.h">
      <Filter>Header Files</Filter>
    </ClInclude>
    <ClInclude Include="..\game\z_global_defines.h">
      <Filter>Header Files</Filter>
    </ClInclude>
    <ClInclude Include="..\libraries\json\cJSON.h">
      <Filter>Libraries\Json\Header Files</Filter>
    </ClInclude>
    <ClInclude Include="..\libraries\openssl\aes.h">
      <Filter>Libraries\OpenSSL\Header Files</Filter>
    </ClInclude>
    <ClInclude Include="..\libraries\openssl\asn1.h">
      <Filter>Libraries\OpenSSL\Header Files</Filter>
    </ClInclude>
    <ClInclude Include="..\libraries\openssl\asn1_mac.h">
      <Filter>Libraries\OpenSSL\Header Files</Filter>
    </ClInclude>
    <ClInclude Include="..\libraries\openssl\asn1t.h">
      <Filter>Libraries\OpenSSL\Header Files</Filter>
    </ClInclude>
    <ClInclude Include="..\libraries\openssl\bio.h">
      <Filter>Libraries\OpenSSL\Header Files</Filter>
    </ClInclude>
    <ClInclude Include="..\libraries\openssl\blowfish.h">
      <Filter>Libraries\OpenSSL\Header Files</Filter>
    </ClInclude>
    <ClInclude Include="..\libraries\openssl\bn.h">
      <Filter>Libraries\OpenSSL\Header Files</Filter>
    </ClInclude>
    <ClInclude Include="..\libraries\openssl\buffer.h">
      <Filter>Libraries\OpenSSL\Header Files</Filter>
    </ClInclude>
    <ClInclude Include="..\libraries\openssl\camellia.h">
      <Filter>Libraries\OpenSSL\Header Files</Filter>
    </ClInclude>
    <ClInclude Include="..\libraries\openssl\cast.h">
      <Filter>Libraries\OpenSSL\Header Files</Filter>
    </ClInclude>
    <ClInclude Include="..\libraries\openssl\cms.h">
      <Filter>Libraries\OpenSSL\Header Files</Filter>
    </ClInclude>
    <ClInclude Include="..\libraries\openssl\comp.h">
      <Filter>Libraries\OpenSSL\Header Files</Filter>
    </ClInclude>
    <ClInclude Include="..\libraries\openssl\conf.h">
      <Filter>Libraries\OpenSSL\Header Files</Filter>
    </ClInclude>
    <ClInclude Include="..\libraries\openssl\conf_api.h">
      <Filter>Libraries\OpenSSL\Header Files</Filter>
    </ClInclude>
    <ClInclude Include="..\libraries\openssl\crypto.h">
      <Filter>Libraries\OpenSSL\Header Files</Filter>
    </ClInclude>
    <ClInclude Include="..\libraries\openssl\des.h">
      <Filter>Libraries\OpenSSL\Header Files</Filter>
    </ClInclude>
    <ClInclude Include="..\libraries\openssl\des_old.h">
      <Filter>Libraries\OpenSSL\Header Files</Filter>
    </ClInclude>
    <ClInclude Include="..\libraries\openssl\dh.h">
      <Filter>Libraries\OpenSSL\Header Files</Filter>
    </ClInclude>
    <ClInclude Include="..\libraries\openssl\dsa.h">
      <Filter>Libraries\OpenSSL\Header Files</Filter>
    </ClInclude>
    <ClInclude Include="..\libraries\openssl\dso.h">
      <Filter>Libraries\OpenSSL\Header Files</Filter>
    </ClInclude>
    <ClInclude Include="..\libraries\openssl\dtls1.h">
      <Filter>Libraries\OpenSSL\Header Files</Filter>
    </ClInclude>
    <ClInclude Include="..\libraries\openssl\e_os2.h">
      <Filter>Libraries\OpenSSL\Header Files</Filter>
    </ClInclude>
    <ClInclude Include="..\libraries\openssl\ebcdic.h">
      <Filter>Libraries\OpenSSL\Header Files</Filter>
    </ClInclude>
    <ClInclude Include="..\libraries\openssl\ec.h">
      <Filter>Libraries\OpenSSL\Header Files</Filter>
    </ClInclude>
    <ClInclude Include="..\libraries\openssl\ecdh.h">
      <Filter>Libraries\OpenSSL\Header Files</Filter>
    </ClInclude>
    <ClInclude Include="..\libraries\openssl\ecdsa.h">
      <Filter>Libraries\OpenSSL\Header Files</Filter>
    </ClInclude>
    <ClInclude Include="..\libraries\openssl\engine.h">
      <Filter>Libraries\OpenSSL\Header Files</Filter>
    </ClInclude>
    <ClInclude Include="..\libraries\openssl\err.h">
      <Filter>Libraries\OpenSSL\Header Files</Filter>
    </ClInclude>
    <ClInclude Include="..\libraries\openssl\evp.h">
      <Filter>Libraries\OpenSSL\Header Files</Filter>
    </ClInclude>
    <ClInclude Include="..\libraries\openssl\hmac.h">
      <Filter>Libraries\OpenSSL\Header Files</Filter>
    </ClInclude>
    <ClInclude Include="..\libraries\openssl\idea.h">
      <Filter>Libraries\OpenSSL\Header Files</Filter>
    </ClInclude>
    <ClInclude Include="..\libraries\openssl\krb5_asn.h">
      <Filter>Libraries\OpenSSL\Header Files</Filter>
    </ClInclude>
    <ClInclude Include="..\libraries\openssl\kssl.h">
      <Filter>Libraries\OpenSSL\Header Files</Filter>
    </ClInclude>
    <ClInclude Include="..\libraries\openssl\lhash.h">
      <Filter>Libraries\OpenSSL\Header Files</Filter>
    </ClInclude>
    <ClInclude Include="..\libraries\openssl\md4.h">
      <Filter>Libraries\OpenSSL\Header Files</Filter>
    </ClInclude>
    <ClInclude Include="..\libraries\openssl\md5.h">
      <Filter>Libraries\OpenSSL\Header Files</Filter>
    </ClInclude>
    <ClInclude Include="..\libraries\openssl\mdc2.h">
      <Filter>Libraries\OpenSSL\Header Files</Filter>
    </ClInclude>
    <ClInclude Include="..\libraries\openssl\modes.h">
      <Filter>Libraries\OpenSSL\Header Files</Filter>
    </ClInclude>
    <ClInclude Include="..\libraries\openssl\obj_mac.h">
      <Filter>Libraries\OpenSSL\Header Files</Filter>
    </ClInclude>
    <ClInclude Include="..\libraries\openssl\objects.h">
      <Filter>Libraries\OpenSSL\Header Files</Filter>
    </ClInclude>
    <ClInclude Include="..\libraries\openssl\ocsp.h">
      <Filter>Libraries\OpenSSL\Header Files</Filter>
    </ClInclude>
    <ClInclude Include="..\libraries\openssl\opensslconf.h">
      <Filter>Libraries\OpenSSL\Header Files</Filter>
    </ClInclude>
    <ClInclude Include="..\libraries\openssl\opensslv.h">
      <Filter>Libraries\OpenSSL\Header Files</Filter>
    </ClInclude>
    <ClInclude Include="..\libraries\openssl\ossl_typ.h">
      <Filter>Libraries\OpenSSL\Header Files</Filter>
    </ClInclude>
    <ClInclude Include="..\libraries\openssl\pem.h">
      <Filter>Libraries\OpenSSL\Header Files</Filter>
    </ClInclude>
    <ClInclude Include="..\libraries\openssl\pem2.h">
      <Filter>Libraries\OpenSSL\Header Files</Filter>
    </ClInclude>
    <ClInclude Include="..\libraries\openssl\pkcs12.h">
      <Filter>Libraries\OpenSSL\Header Files</Filter>
    </ClInclude>
    <ClInclude Include="..\libraries\openssl\pkcs7.h">
      <Filter>Libraries\OpenSSL\Header Files</Filter>
    </ClInclude>
    <ClInclude Include="..\libraries\openssl\pqueue.h">
      <Filter>Libraries\OpenSSL\Header Files</Filter>
    </ClInclude>
    <ClInclude Include="..\libraries\openssl\rand.h">
      <Filter>Libraries\OpenSSL\Header Files</Filter>
    </ClInclude>
    <ClInclude Include="..\libraries\openssl\rc2.h">
      <Filter>Libraries\OpenSSL\Header Files</Filter>
    </ClInclude>
    <ClInclude Include="..\libraries\openssl\rc4.h">
      <Filter>Libraries\OpenSSL\Header Files</Filter>
    </ClInclude>
    <ClInclude Include="..\libraries\openssl\ripemd.h">
      <Filter>Libraries\OpenSSL\Header Files</Filter>
    </ClInclude>
    <ClInclude Include="..\libraries\openssl\rsa.h">
      <Filter>Libraries\OpenSSL\Header Files</Filter>
    </ClInclude>
    <ClInclude Include="..\libraries\openssl\safestack.h">
      <Filter>Libraries\OpenSSL\Header Files</Filter>
    </ClInclude>
    <ClInclude Include="..\libraries\openssl\seed.h">
      <Filter>Libraries\OpenSSL\Header Files</Filter>
    </ClInclude>
    <ClInclude Include="..\libraries\openssl\sha.h">
      <Filter>Libraries\OpenSSL\Header Files</Filter>
    </ClInclude>
    <ClInclude Include="..\libraries\openssl\ssl.h">
      <Filter>Libraries\OpenSSL\Header Files</Filter>
    </ClInclude>
    <ClInclude Include="..\libraries\openssl\ssl2.h">
      <Filter>Libraries\OpenSSL\Header Files</Filter>
    </ClInclude>
    <ClInclude Include="..\libraries\openssl\ssl23.h">
      <Filter>Libraries\OpenSSL\Header Files</Filter>
    </ClInclude>
    <ClInclude Include="..\libraries\openssl\ssl3.h">
      <Filter>Libraries\OpenSSL\Header Files</Filter>
    </ClInclude>
    <ClInclude Include="..\libraries\openssl\stack.h">
      <Filter>Libraries\OpenSSL\Header Files</Filter>
    </ClInclude>
    <ClInclude Include="..\libraries\openssl\symhacks.h">
      <Filter>Libraries\OpenSSL\Header Files</Filter>
    </ClInclude>
    <ClInclude Include="..\libraries\openssl\tls1.h">
      <Filter>Libraries\OpenSSL\Header Files</Filter>
    </ClInclude>
    <ClInclude Include="..\libraries\openssl\ts.h">
      <Filter>Libraries\OpenSSL\Header Files</Filter>
    </ClInclude>
    <ClInclude Include="..\libraries\openssl\txt_db.h">
      <Filter>Libraries\OpenSSL\Header Files</Filter>
    </ClInclude>
    <ClInclude Include="..\libraries\openssl\ui.h">
      <Filter>Libraries\OpenSSL\Header Files</Filter>
    </ClInclude>
    <ClInclude Include="..\libraries\openssl\ui_compat.h">
      <Filter>Libraries\OpenSSL\Header Files</Filter>
    </ClInclude>
    <ClInclude Include="..\libraries\openssl\whrlpool.h">
      <Filter>Libraries\OpenSSL\Header Files</Filter>
    </ClInclude>
    <ClInclude Include="..\libraries\openssl\x509.h">
      <Filter>Libraries\OpenSSL\Header Files</Filter>
    </ClInclude>
    <ClInclude Include="..\libraries\openssl\x509_vfy.h">
      <Filter>Libraries\OpenSSL\Header Files</Filter>
    </ClInclude>
    <ClInclude Include="..\libraries\openssl\x509v3.h">
      <Filter>Libraries\OpenSSL\Header Files</Filter>
    </ClInclude>
    <ClInclude Include="..\libraries\encoding\base128.h">
      <Filter>Libraries\Base128\Header Files</Filter>
    </ClInclude>
    <ClInclude Include="..\libraries\encoding\bitstream.h">
      <Filter>Libraries\Bitstream\Header Files</Filter>
    </ClInclude>
    <ClInclude Include="..\libraries\libudis86\decode.h">
      <Filter>Libraries\LibUDis86\Header Files</Filter>
    </ClInclude>
    <ClInclude Include="..\libraries\libudis86\extern.h">
      <Filter>Libraries\LibUDis86\Header Files</Filter>
    </ClInclude>
    <ClInclude Include="..\libraries\libudis86\input.h">
      <Filter>Libraries\LibUDis86\Header Files</Filter>
    </ClInclude>
    <ClInclude Include="..\libraries\libudis86\itab.h">
      <Filter>Libraries\LibUDis86\Header Files</Filter>
    </ClInclude>
    <ClInclude Include="..\libraries\libudis86\syn.h">
      <Filter>Libraries\LibUDis86\Header Files</Filter>
    </ClInclude>
    <ClInclude Include="..\libraries\libudis86\types.h">
      <Filter>Libraries\LibUDis86\Header Files</Filter>
    </ClInclude>
    <ClInclude Include="..\libraries\libudis86\udis86.h">
      <Filter>Libraries\LibUDis86\Header Files</Filter>
    </ClInclude>
  </ItemGroup>
  <ItemGroup>
    <None Include="galaxieslibsv.def">
      <Filter>Resource Files</Filter>
    </None>
  </ItemGroup>
  <ItemGroup>
    <ResourceCompile Include="galaxieslibsv.rc">
      <Filter>Resource Files</Filter>
    </ResourceCompile>
  </ItemGroup>
</Project>