<?xml version="1.0" encoding="utf-8"?>
<Project ToolsVersion="4.0" xmlns="http://schemas.microsoft.com/developer/msbuild/2003">
  <ItemGroup>
    <Filter Include="Source Files">
      <UniqueIdentifier>{15eab1df-c914-4496-b6f7-9c30cbc93cab}</UniqueIdentifier>
      <Extensions>c</Extensions>
    </Filter>
    <Filter Include="Source Files\Network">
      <UniqueIdentifier>{e4387449-cb2f-4a9f-9ec8-87aa4544fac6}</UniqueIdentifier>
    </Filter>
    <Filter Include="Header Files">
      <UniqueIdentifier>{3c227821-7ba6-4e51-ac7b-a09f31fda13b}</UniqueIdentifier>
      <Extensions>h</Extensions>
    </Filter>
    <Filter Include="Header Files\Network">
      <UniqueIdentifier>{7cf3dbdc-821d-47bc-973b-f1ce1ac5cb12}</UniqueIdentifier>
    </Filter>
    <Filter Include="win32">
      <UniqueIdentifier>{4d2ca2b5-90d0-4d93-835a-3e1cba931f7b}</UniqueIdentifier>
    </Filter>
    <Filter Include="Libraries">
      <UniqueIdentifier>{1205f295-0345-425c-b080-efc9982469a1}</UniqueIdentifier>
    </Filter>
    <Filter Include="Libraries\LibUDis86">
      <UniqueIdentifier>{0ec42186-0691-451d-a0a4-5ccd87370600}</UniqueIdentifier>
    </Filter>
    <Filter Include="Libraries\LibUDis86\Source Files">
      <UniqueIdentifier>{a8a0f423-88be-4dbc-b160-90dfad1f56d7}</UniqueIdentifier>
    </Filter>
    <Filter Include="Libraries\LibUDis86\Header Files">
      <UniqueIdentifier>{b317bd0c-7d85-4d15-a74f-7fb43f283e23}</UniqueIdentifier>
    </Filter>
    <Filter Include="Libraries\Json">
      <UniqueIdentifier>{830c36f0-bf24-4970-9936-73ab9e036500}</UniqueIdentifier>
    </Filter>
    <Filter Include="Libraries\Json\Header Files">
      <UniqueIdentifier>{36c67ac1-e4f1-40c6-9029-676eba9b0662}</UniqueIdentifier>
    </Filter>
    <Filter Include="Libraries\Json\Source Files">
      <UniqueIdentifier>{ee75f532-5a57-493e-88b2-f9cd0e87686f}</UniqueIdentifier>
    </Filter>
    <Filter Include="Libraries\Zlib">
      <UniqueIdentifier>{ca96bae5-7f13-4623-a2c3-17e5b400cc97}</UniqueIdentifier>
    </Filter>
    <Filter Include="Libraries\Zlib\Source Files">
      <UniqueIdentifier>{2540e897-f33e-4793-bb38-f93cb89c5363}</UniqueIdentifier>
    </Filter>
    <Filter Include="Libraries\Zlib\Header Files">
      <UniqueIdentifier>{2741cbef-f8fb-453f-8248-3238125d65a2}</UniqueIdentifier>
    </Filter>
    <Filter Include="Libraries\Base128">
      <UniqueIdentifier>{bef9392d-f395-4b3c-b74c-7f761037a6f4}</UniqueIdentifier>
    </Filter>
    <Filter Include="Libraries\Base128\Source Files">
      <UniqueIdentifier>{4f5d4be2-6213-419b-bb80-4d4ba2ef4053}</UniqueIdentifier>
    </Filter>
    <Filter Include="Libraries\Base128\Header Files">
      <UniqueIdentifier>{14dc4be1-541c-4ac6-bc67-fedff03d050c}</UniqueIdentifier>
    </Filter>
    <Filter Include="Libraries\BitStream">
      <UniqueIdentifier>{36305fa4-ab3b-470f-b824-d62993c3f79d}</UniqueIdentifier>
    </Filter>
    <Filter Include="Libraries\BitStream\Header Files">
      <UniqueIdentifier>{9c02298e-f164-4109-b7fc-276e78738884}</UniqueIdentifier>
    </Filter>
    <Filter Include="Libraries\BitStream\Source Files">
      <UniqueIdentifier>{9f64c8fc-012f-4fd7-9e10-87c84f1f9246}</UniqueIdentifier>
    </Filter>
    <Filter Include="Libraries\Detour">
      <UniqueIdentifier>{7d3d7e54-30a5-44ca-bf52-6d621e2b572d}</UniqueIdentifier>
    </Filter>
    <Filter Include="Libraries\Detour\Header Files">
      <UniqueIdentifier>{20100fb5-6239-4906-b787-dc27ebfa34a7}</UniqueIdentifier>
    </Filter>
    <Filter Include="Libraries\Detour\Source Files">
      <UniqueIdentifier>{751e939c-e055-4010-af6b-2db7a6b0068a}</UniqueIdentifier>
    </Filter>
    <Filter Include="Libraries\Recast">
      <UniqueIdentifier>{c6b57f21-5219-4da7-8048-725a80b1617c}</UniqueIdentifier>
    </Filter>
    <Filter Include="Libraries\Recast\Header Files">
      <UniqueIdentifier>{eaad5137-24a6-4281-ab64-7709394a59eb}</UniqueIdentifier>
    </Filter>
    <Filter Include="Libraries\Recast\Source Files">
      <UniqueIdentifier>{cc4be8a0-a653-4194-8f74-715847b20079}</UniqueIdentifier>
    </Filter>
    <Filter Include="Libraries\RDDebugUtils">
      <UniqueIdentifier>{8a0673e1-6b8b-4f24-9d63-df2a5c79157b}</UniqueIdentifier>
    </Filter>
    <Filter Include="Libraries\RDDebugUtils\Header Files">
      <UniqueIdentifier>{56e8e515-ef77-4aad-9078-d1a1d3542e89}</UniqueIdentifier>
    </Filter>
    <Filter Include="Libraries\RDDebugUtils\Source Files">
      <UniqueIdentifier>{d11580fa-7463-46b8-8077-b1527bec2053}</UniqueIdentifier>
    </Filter>
    <Filter Include="Libraries\GLEW">
      <UniqueIdentifier>{046e006c-d2f0-444a-8a75-991f396d7382}</UniqueIdentifier>
    </Filter>
    <Filter Include="Libraries\GLEW\Header Files">
      <UniqueIdentifier>{ab300d9a-20be-44fc-a20c-a840baf6af25}</UniqueIdentifier>
    </Filter>
    <Filter Include="Libraries\GLEW\Header Files\GL">
      <UniqueIdentifier>{2eb94261-d204-4f77-a63d-aacd712b4176}</UniqueIdentifier>
    </Filter>
    <Filter Include="Libraries\GLEW\Source Files">
      <UniqueIdentifier>{a0b9acc1-1f0a-45eb-b4dd-e5b8975c1a8a}</UniqueIdentifier>
    </Filter>
    <Filter Include="Libraries\Bass">
      <UniqueIdentifier>{b19930a7-36dd-467e-9b8c-5519c776a9db}</UniqueIdentifier>
    </Filter>
    <Filter Include="Libraries\Bass\Header Files">
      <UniqueIdentifier>{8a3fc914-4415-4489-aa12-c35121af9890}</UniqueIdentifier>
    </Filter>
    <Filter Include="Libraries\gameswf">
      <UniqueIdentifier>{b36e0637-10d9-462c-8024-e44536b9599e}</UniqueIdentifier>
    </Filter>
    <Filter Include="Libraries\gameswf\base">
      <UniqueIdentifier>{37e1bc46-a011-4b28-a116-5472f7a52f27}</UniqueIdentifier>
    </Filter>
    <Filter Include="Libraries\gameswf\SDL">
      <UniqueIdentifier>{21178af8-e7c0-4506-b06b-163b18954945}</UniqueIdentifier>
    </Filter>
    <Filter Include="Libraries\gameswf\Other Dependencies">
      <UniqueIdentifier>{60a7241f-d1ad-45e3-8747-6e746af115df}</UniqueIdentifier>
    </Filter>
    <Filter Include="Resource Files">
      <UniqueIdentifier>{29543637-6fb7-4e89-b0e1-a61a61e46a50}</UniqueIdentifier>
    </Filter>
  </ItemGroup>
  <ItemGroup>
    <ClCompile Include="..\game\animtable.c">
      <Filter>Source Files</Filter>
    </ClCompile>
    <ClCompile Include="..\game\bg_ammo.c">
      <Filter>Source Files</Filter>
    </ClCompile>
    <ClCompile Include="..\game\bg_constants.c">
      <Filter>Source Files</Filter>
    </ClCompile>
    <ClCompile Include="..\game\bg_g2_utils.c">
      <Filter>Source Files</Filter>
    </ClCompile>
    <ClCompile Include="..\game\bg_items.c">
      <Filter>Source Files</Filter>
    </ClCompile>
    <ClCompile Include="..\game\bg_lib.c">
      <Filter>Source Files</Filter>
    </ClCompile>
    <ClCompile Include="..\game\bg_misc.c">
      <Filter>Source Files</Filter>
    </ClCompile>
    <ClCompile Include="..\game\bg_panimate.c">
      <Filter>Source Files</Filter>
    </ClCompile>
    <ClCompile Include="..\game\bg_pmove.c">
      <Filter>Source Files</Filter>
    </ClCompile>
    <ClCompile Include="..\game\bg_saber.c">
      <Filter>Source Files</Filter>
    </ClCompile>
    <ClCompile Include="..\game\bg_saberLoad.c">
      <Filter>Source Files</Filter>
    </ClCompile>
    <ClCompile Include="..\game\bg_slidemove.c">
      <Filter>Source Files</Filter>
    </ClCompile>
    <ClCompile Include="..\game\bg_vehicleLoad.c">
      <Filter>Source Files</Filter>
    </ClCompile>
    <ClCompile Include="..\game\bg_weapons.c">
      <Filter>Source Files</Filter>
    </ClCompile>
    <ClCompile Include="..\game\bg_weapons_load.c">
      <Filter>Source Files</Filter>
    </ClCompile>
    <ClCompile Include="cg_cinematics.c">
      <Filter>Source Files</Filter>
    </ClCompile>
    <ClCompile Include="cg_consolecmds.c">
      <Filter>Source Files</Filter>
    </ClCompile>
    <ClCompile Include="cg_crossover.c">
      <Filter>Source Files</Filter>
    </ClCompile>
    <ClCompile Include="cg_draw.c">
      <Filter>Source Files</Filter>
    </ClCompile>
    <ClCompile Include="cg_drawtools.c">
      <Filter>Source Files</Filter>
    </ClCompile>
    <ClCompile Include="cg_effects.c">
      <Filter>Source Files</Filter>
    </ClCompile>
    <ClCompile Include="cg_engine.c">
      <Filter>Source Files</Filter>
    </ClCompile>
    <ClCompile Include="cg_ents.c">
      <Filter>Source Files</Filter>
    </ClCompile>
    <ClCompile Include="cg_event.c">
      <Filter>Source Files</Filter>
    </ClCompile>
    <ClCompile Include="cg_info.c">
      <Filter>Source Files</Filter>
    </ClCompile>
    <ClCompile Include="cg_light.c">
      <Filter>Source Files</Filter>
    </ClCompile>
    <ClCompile Include="cg_localents.c">
      <Filter>Source Files</Filter>
    </ClCompile>
    <ClCompile Include="cg_main.c">
      <Filter>Source Files</Filter>
    </ClCompile>
    <ClCompile Include="cg_marks.c">
      <Filter>Source Files</Filter>
    </ClCompile>
    <ClCompile Include="cg_newDraw.c">
      <Filter>Source Files</Filter>
    </ClCompile>
    <ClCompile Include="cg_players.c">
      <Filter>Source Files</Filter>
    </ClCompile>
    <ClCompile Include="cg_playerstate.c">
      <Filter>Source Files</Filter>
    </ClCompile>
    <ClCompile Include="cg_postprocess.c">
      <Filter>Source Files</Filter>
    </ClCompile>
    <ClCompile Include="cg_predict.c">
      <Filter>Source Files</Filter>
    </ClCompile>
    <ClCompile Include="cg_scoreboard.c">
      <Filter>Source Files</Filter>
    </ClCompile>
    <ClCompile Include="cg_servercmds.c">
      <Filter>Source Files</Filter>
    </ClCompile>
    <ClCompile Include="cg_snapshot.c">
      <Filter>Source Files</Filter>
    </ClCompile>
    <ClCompile Include="cg_strap.c">
      <Filter>Source Files</Filter>
    </ClCompile>
    <ClCompile Include="cg_syscalls.c">
      <Filter>Source Files</Filter>
    </ClCompile>
    <ClCompile Include="cg_turret.c">
      <Filter>Source Files</Filter>
    </ClCompile>
    <ClCompile Include="cg_view.c">
      <Filter>Source Files</Filter>
    </ClCompile>
    <ClCompile Include="cg_weaponinit.c">
      <Filter>Source Files</Filter>
    </ClCompile>
    <ClCompile Include="cg_weapons.c">
      <Filter>Source Files</Filter>
    </ClCompile>
    <ClCompile Include="fx_blaster.c">
      <Filter>Source Files</Filter>
    </ClCompile>
    <ClCompile Include="fx_bowcaster.c">
      <Filter>Source Files</Filter>
    </ClCompile>
    <ClCompile Include="fx_bryarpistol.c">
      <Filter>Source Files</Filter>
    </ClCompile>
    <ClCompile Include="fx_demp2.c">
      <Filter>Source Files</Filter>
    </ClCompile>
    <ClCompile Include="fx_disruptor.c">
      <Filter>Source Files</Filter>
    </ClCompile>
    <ClCompile Include="fx_flechette.c">
      <Filter>Source Files</Filter>
    </ClCompile>
    <ClCompile Include="fx_force.c">
      <Filter>Source Files</Filter>
    </ClCompile>
    <ClCompile Include="fx_heavyrepeater.c">
      <Filter>Source Files</Filter>
    </ClCompile>
    <ClCompile Include="fx_rocketlauncher.c">
      <Filter>Source Files</Filter>
    </ClCompile>
    <ClCompile Include="jkg_antidebug.c">
      <Filter>Source Files</Filter>
    </ClCompile>
    <ClCompile Include="jkg_cg_auxlib.c">
      <Filter>Source Files</Filter>
    </ClCompile>
    <ClCompile Include="jkg_cg_crafting.c">
      <Filter>Source Files</Filter>
    </ClCompile>
    <ClCompile Include="jkg_cg_damagetypes.c">
      <Filter>Source Files</Filter>
    </ClCompile>
    <ClCompile Include="jkg_cg_items.c">
      <Filter>Source Files</Filter>
    </ClCompile>
    <ClCompile Include="jkg_cg_weaponholster.c">
      <Filter>Source Files</Filter>
    </ClCompile>
    <ClCompile Include="jkg_chatbox.c">
      <Filter>Source Files</Filter>
    </ClCompile>
    <ClCompile Include="jkg_chatcmds.c">
      <Filter>Source Files</Filter>
    </ClCompile>
    <ClCompile Include="jkg_cinbuild.c">
      <Filter>Source Files</Filter>
    </ClCompile>
    <ClCompile Include="jkg_custombounds.c">
      <Filter>Source Files</Filter>
    </ClCompile>
    <ClCompile Include="jkg_engine.c">
      <Filter>Source Files</Filter>
    </ClCompile>
    <ClCompile Include="jkg_framebuffers.c">
      <Filter>Source Files</Filter>
    </ClCompile>
    <ClCompile Include="..\game\jkg_gangwars.c">
      <Filter>Source Files</Filter>
    </ClCompile>
    <ClCompile Include="jkg_glcommon.c">
      <Filter>Source Files</Filter>
    </ClCompile>
    <ClCompile Include="jkg_hud.c">
      <Filter>Source Files</Filter>
    </ClCompile>
    <ClCompile Include="jkg_joystick.cpp">
      <Filter>Source Files</Filter>
    </ClCompile>
    <ClCompile Include="jkg_minimaps.c">
      <Filter>Source Files</Filter>
    </ClCompile>
    <ClCompile Include="jkg_musicengine.c">
      <Filter>Source Files</Filter>
    </ClCompile>
    <ClCompile Include="jkg_navmesh_visualiser.cpp">
      <Filter>Source Files</Filter>
    </ClCompile>
    <ClCompile Include="jkg_patcher.c">
      <Filter>Source Files</Filter>
    </ClCompile>
    <ClCompile Include="jkg_pixelshaders.c">
      <Filter>Source Files</Filter>
    </ClCompile>
    <ClCompile Include="jkg_splinepaths.c">
      <Filter>Source Files</Filter>
    </ClCompile>
    <ClCompile Include="jkg_wpindicators.c">
      <Filter>Source Files</Filter>
    </ClCompile>
    <ClCompile Include="..\game\networkstate.c">
      <Filter>Source Files</Filter>
    </ClCompile>
    <ClCompile Include="..\game\q_math.c">
      <Filter>Source Files</Filter>
    </ClCompile>
    <ClCompile Include="..\game\q_shared.c">
      <Filter>Source Files</Filter>
    </ClCompile>
    <ClCompile Include="..\ui\ui_shared.c">
      <Filter>Source Files</Filter>
    </ClCompile>
    <ClCompile Include="..\network\ClientGame.cpp">
      <Filter>Source Files\Network</Filter>
    </ClCompile>
    <ClCompile Include="..\network\ClientNetwork.cpp">
      <Filter>Source Files\Network</Filter>
    </ClCompile>
    <ClCompile Include="..\network\jkg_clientsidenetwork.cpp">
      <Filter>Source Files\Network</Filter>
    </ClCompile>
    <ClCompile Include="..\network\NetworkServices.cpp">
      <Filter>Source Files\Network</Filter>
    </ClCompile>
    <ClCompile Include="..\network\stdafx.cpp">
      <Filter>Source Files\Network</Filter>
    </ClCompile>
    <ClCompile Include="..\libraries\libudis86\decode.c">
      <Filter>Libraries\LibUDis86\Source Files</Filter>
    </ClCompile>
    <ClCompile Include="..\libraries\libudis86\input.c">
      <Filter>Libraries\LibUDis86\Source Files</Filter>
    </ClCompile>
    <ClCompile Include="..\libraries\libudis86\itab.c">
      <Filter>Libraries\LibUDis86\Source Files</Filter>
    </ClCompile>
    <ClCompile Include="..\libraries\libudis86\syn-att.c">
      <Filter>Libraries\LibUDis86\Source Files</Filter>
    </ClCompile>
    <ClCompile Include="..\libraries\libudis86\syn-intel.c">
      <Filter>Libraries\LibUDis86\Source Files</Filter>
    </ClCompile>
    <ClCompile Include="..\libraries\libudis86\syn.c">
      <Filter>Libraries\LibUDis86\Source Files</Filter>
    </ClCompile>
    <ClCompile Include="..\libraries\libudis86\udis86.c">
      <Filter>Libraries\LibUDis86\Source Files</Filter>
    </ClCompile>
    <ClCompile Include="..\libraries\json\cJSON.c">
      <Filter>Libraries\Json\Source Files</Filter>
    </ClCompile>
    <ClCompile Include="..\libraries\zlib\adler32.c">
      <Filter>Libraries\Zlib\Source Files</Filter>
    </ClCompile>
    <ClCompile Include="..\libraries\zlib\compress.c">
      <Filter>Libraries\Zlib\Source Files</Filter>
    </ClCompile>
    <ClCompile Include="..\libraries\zlib\crc32.c">
      <Filter>Libraries\Zlib\Source Files</Filter>
    </ClCompile>
    <ClCompile Include="..\libraries\zlib\deflate.c">
      <Filter>Libraries\Zlib\Source Files</Filter>
    </ClCompile>
    <ClCompile Include="..\libraries\zlib\gzio.c">
      <Filter>Libraries\Zlib\Source Files</Filter>
    </ClCompile>
    <ClCompile Include="..\libraries\zlib\infback.c">
      <Filter>Libraries\Zlib\Source Files</Filter>
    </ClCompile>
    <ClCompile Include="..\libraries\zlib\inffast.c">
      <Filter>Libraries\Zlib\Source Files</Filter>
    </ClCompile>
    <ClCompile Include="..\libraries\zlib\inflate.c">
      <Filter>Libraries\Zlib\Source Files</Filter>
    </ClCompile>
    <ClCompile Include="..\libraries\zlib\inftrees.c">
      <Filter>Libraries\Zlib\Source Files</Filter>
    </ClCompile>
    <ClCompile Include="..\libraries\zlib\trees.c">
      <Filter>Libraries\Zlib\Source Files</Filter>
    </ClCompile>
    <ClCompile Include="..\libraries\zlib\uncompr.c">
      <Filter>Libraries\Zlib\Source Files</Filter>
    </ClCompile>
    <ClCompile Include="..\libraries\zlib\zutil.c">
      <Filter>Libraries\Zlib\Source Files</Filter>
    </ClCompile>
    <ClCompile Include="..\libraries\encoding\base128.c">
      <Filter>Libraries\Base128\Source Files</Filter>
    </ClCompile>
    <ClCompile Include="..\libraries\encoding\bitstream.c">
      <Filter>Libraries\BitStream\Source Files</Filter>
    </ClCompile>
    <ClCompile Include="..\libraries\Detour\Source\DetourAlloc.cpp">
      <Filter>Libraries\Detour\Source Files</Filter>
    </ClCompile>
    <ClCompile Include="..\libraries\Detour\Source\DetourCommon.cpp">
      <Filter>Libraries\Detour\Source Files</Filter>
    </ClCompile>
    <ClCompile Include="..\libraries\Detour\Source\DetourNavMesh.cpp">
      <Filter>Libraries\Detour\Source Files</Filter>
    </ClCompile>
    <ClCompile Include="..\libraries\Detour\Source\DetourNavMeshBuilder.cpp">
      <Filter>Libraries\Detour\Source Files</Filter>
    </ClCompile>
    <ClCompile Include="..\libraries\Detour\Source\DetourNavMeshQuery.cpp">
      <Filter>Libraries\Detour\Source Files</Filter>
    </ClCompile>
    <ClCompile Include="..\libraries\Detour\Source\DetourNode.cpp">
      <Filter>Libraries\Detour\Source Files</Filter>
    </ClCompile>
    <ClCompile Include="..\libraries\DetourTileCache\DetourTileCacheBuilder.cpp">
      <Filter>Libraries\Detour\Source Files</Filter>
    </ClCompile>
    <ClCompile Include="..\libraries\Recast\Source\Recast.cpp">
      <Filter>Libraries\Recast\Source Files</Filter>
    </ClCompile>
    <ClCompile Include="..\libraries\Recast\Source\RecastAlloc.cpp">
      <Filter>Libraries\Recast\Source Files</Filter>
    </ClCompile>
    <ClCompile Include="..\libraries\Recast\Source\RecastArea.cpp">
      <Filter>Libraries\Recast\Source Files</Filter>
    </ClCompile>
    <ClCompile Include="..\libraries\Recast\Source\RecastContour.cpp">
      <Filter>Libraries\Recast\Source Files</Filter>
    </ClCompile>
    <ClCompile Include="..\libraries\Recast\Source\RecastFilter.cpp">
      <Filter>Libraries\Recast\Source Files</Filter>
    </ClCompile>
    <ClCompile Include="..\libraries\Recast\Source\RecastLayers.cpp">
      <Filter>Libraries\Recast\Source Files</Filter>
    </ClCompile>
    <ClCompile Include="..\libraries\Recast\Source\RecastMesh.cpp">
      <Filter>Libraries\Recast\Source Files</Filter>
    </ClCompile>
    <ClCompile Include="..\libraries\Recast\Source\RecastMeshDetail.cpp">
      <Filter>Libraries\Recast\Source Files</Filter>
    </ClCompile>
    <ClCompile Include="..\libraries\Recast\Source\RecastRasterization.cpp">
      <Filter>Libraries\Recast\Source Files</Filter>
    </ClCompile>
    <ClCompile Include="..\libraries\Recast\Source\RecastRegion.cpp">
      <Filter>Libraries\Recast\Source Files</Filter>
    </ClCompile>
    <ClCompile Include="..\libraries\RDDebugUtils\Source\DebugDraw.cpp">
      <Filter>Libraries\RDDebugUtils\Source Files</Filter>
    </ClCompile>
    <ClCompile Include="..\libraries\RDDebugUtils\Source\DetourDebugDraw.cpp">
      <Filter>Libraries\RDDebugUtils\Source Files</Filter>
    </ClCompile>
    <ClCompile Include="..\libraries\RDDebugUtils\Source\RecastDebugDraw.cpp">
      <Filter>Libraries\RDDebugUtils\Source Files</Filter>
    </ClCompile>
    <ClCompile Include="..\libraries\RDDebugUtils\Source\RecastDump.cpp">
      <Filter>Libraries\RDDebugUtils\Source Files</Filter>
    </ClCompile>
    <ClCompile Include="..\libraries\glew\src\glew.c">
      <Filter>Libraries\GLEW\Source Files</Filter>
    </ClCompile>
    <ClCompile Include="..\gameswf\gameswf_action.cpp">
      <Filter>Libraries\gameswf</Filter>
    </ClCompile>
    <ClCompile Include="..\gameswf\gameswf_button.cpp">
      <Filter>Libraries\gameswf</Filter>
    </ClCompile>
    <ClCompile Include="..\gameswf\gameswf_cgame_interface.cpp">
      <Filter>Libraries\gameswf</Filter>
    </ClCompile>
    <ClCompile Include="..\gameswf\gameswf_dlist.cpp">
      <Filter>Libraries\gameswf</Filter>
    </ClCompile>
    <ClCompile Include="..\gameswf\gameswf_font.cpp">
      <Filter>Libraries\gameswf</Filter>
    </ClCompile>
    <ClCompile Include="..\gameswf\gameswf_fontlib.cpp">
      <Filter>Libraries\gameswf</Filter>
    </ClCompile>
    <ClCompile Include="..\gameswf\gameswf_impl.cpp">
      <Filter>Libraries\gameswf</Filter>
    </ClCompile>
    <ClCompile Include="..\gameswf\gameswf_log.cpp">
      <Filter>Libraries\gameswf</Filter>
    </ClCompile>
    <ClCompile Include="..\gameswf\gameswf_morph.cpp">
      <Filter>Libraries\gameswf</Filter>
    </ClCompile>
    <ClCompile Include="..\gameswf\gameswf_morph2.cpp">
      <Filter>Libraries\gameswf</Filter>
    </ClCompile>
    <ClCompile Include="..\gameswf\gameswf_parser.cpp">
      <Filter>Libraries\gameswf</Filter>
    </ClCompile>
    <ClCompile Include="..\gameswf\gameswf_processor.cpp">
      <Filter>Libraries\gameswf</Filter>
    </ClCompile>
    <ClCompile Include="..\gameswf\gameswf_render.cpp">
      <Filter>Libraries\gameswf</Filter>
    </ClCompile>
    <ClCompile Include="..\gameswf\gameswf_render_handler_ogl.cpp">
      <Filter>Libraries\gameswf</Filter>
    </ClCompile>
    <ClCompile Include="..\gameswf\gameswf_render_handler_xbox.cpp">
      <Filter>Libraries\gameswf</Filter>
    </ClCompile>
    <ClCompile Include="..\gameswf\gameswf_shape.cpp">
      <Filter>Libraries\gameswf</Filter>
    </ClCompile>
    <ClCompile Include="..\gameswf\gameswf_sound.cpp">
      <Filter>Libraries\gameswf</Filter>
    </ClCompile>
    <ClCompile Include="..\gameswf\gameswf_sound_handler_mp3.cpp">
      <Filter>Libraries\gameswf</Filter>
    </ClCompile>
    <ClCompile Include="..\gameswf\gameswf_sound_handler_sdl.cpp">
      <Filter>Libraries\gameswf</Filter>
    </ClCompile>
    <ClCompile Include="..\gameswf\gameswf_stream.cpp">
      <Filter>Libraries\gameswf</Filter>
    </ClCompile>
    <ClCompile Include="..\gameswf\gameswf_styles.cpp">
      <Filter>Libraries\gameswf</Filter>
    </ClCompile>
    <ClCompile Include="..\gameswf\gameswf_tesselate.cpp">
      <Filter>Libraries\gameswf</Filter>
    </ClCompile>
    <ClCompile Include="..\gameswf\gameswf_text.cpp">
      <Filter>Libraries\gameswf</Filter>
    </ClCompile>
    <ClCompile Include="..\gameswf\gameswf_tools.cpp">
      <Filter>Libraries\gameswf</Filter>
    </ClCompile>
    <ClCompile Include="..\gameswf\gameswf_types.cpp">
      <Filter>Libraries\gameswf</Filter>
    </ClCompile>
    <ClCompile Include="..\gameswf\swfparse.cpp">
      <Filter>Libraries\gameswf</Filter>
    </ClCompile>
    <ClCompile Include="..\gameswf\base\component_hackery.cpp">
      <Filter>Libraries\gameswf\base</Filter>
    </ClCompile>
    <ClCompile Include="..\gameswf\base\config.cpp">
      <Filter>Libraries\gameswf\base</Filter>
    </ClCompile>
    <ClCompile Include="..\gameswf\base\container.cpp">
      <Filter>Libraries\gameswf\base</Filter>
    </ClCompile>
    <ClCompile Include="..\gameswf\base\dlmalloc.c">
      <Filter>Libraries\gameswf\base</Filter>
    </ClCompile>
    <ClCompile Include="..\gameswf\base\image.cpp">
      <Filter>Libraries\gameswf\base</Filter>
    </ClCompile>
    <ClCompile Include="..\gameswf\base\image_filters.cpp">
      <Filter>Libraries\gameswf\base</Filter>
    </ClCompile>
    <ClCompile Include="..\gameswf\base\jpeg.cpp">
      <Filter>Libraries\gameswf\base</Filter>
    </ClCompile>
    <ClCompile Include="..\gameswf\base\ogl.cpp">
      <Filter>Libraries\gameswf\base</Filter>
    </ClCompile>
    <ClCompile Include="..\gameswf\base\postscript.cpp">
      <Filter>Libraries\gameswf\base</Filter>
    </ClCompile>
    <ClCompile Include="..\gameswf\base\test_ogl.cpp">
      <Filter>Libraries\gameswf\base</Filter>
    </ClCompile>
    <ClCompile Include="..\gameswf\base\tu_file.cpp">
      <Filter>Libraries\gameswf\base</Filter>
    </ClCompile>
    <ClCompile Include="..\gameswf\base\tu_file_SDL.cpp">
      <Filter>Libraries\gameswf\base</Filter>
    </ClCompile>
    <ClCompile Include="..\gameswf\base\tu_random.cpp">
      <Filter>Libraries\gameswf\base</Filter>
    </ClCompile>
    <ClCompile Include="..\gameswf\base\tu_types.cpp">
      <Filter>Libraries\gameswf\base</Filter>
    </ClCompile>
    <ClCompile Include="..\gameswf\base\utf8.cpp">
      <Filter>Libraries\gameswf\base</Filter>
    </ClCompile>
    <ClCompile Include="..\gameswf\base\utility.cpp">
      <Filter>Libraries\gameswf\base</Filter>
    </ClCompile>
    <ClCompile Include="..\gameswf\base\zlib_adapter.cpp">
      <Filter>Libraries\gameswf\base</Filter>
    </ClCompile>
    <ClCompile Include="..\game\NPC_Animal.c">
      <Filter>Source Files</Filter>
    </ClCompile>
    <ClCompile Include="..\game\NPC_Fighter.c">
      <Filter>Source Files</Filter>
    </ClCompile>
    <ClCompile Include="..\game\NPC_Speeder.c">
      <Filter>Source Files</Filter>
    </ClCompile>
    <ClCompile Include="..\game\NPC_Walker.c">
      <Filter>Source Files</Filter>
    </ClCompile>
    <ClCompile Include="jkg_autowaypoint.c">
      <Filter>Source Files</Filter>
    </ClCompile>
    <ClCompile Include="..\game\bg_vmove.c">
      <Filter>Source Files</Filter>
    </ClCompile>
  </ItemGroup>
  <ItemGroup>
    <ClInclude Include="..\game\anims.h">
      <Filter>Header Files</Filter>
    </ClInclude>
    <ClInclude Include="animtable.h">
      <Filter>Header Files</Filter>
    </ClInclude>
    <ClInclude Include="aux_cg_exports.h">
      <Filter>Header Files</Filter>
    </ClInclude>
    <ClInclude Include="..\game\bg_ammo.h">
      <Filter>Header Files</Filter>
    </ClInclude>
    <ClInclude Include="..\game\bg_items.h">
      <Filter>Header Files</Filter>
    </ClInclude>
    <ClInclude Include="..\game\bg_local.h">
      <Filter>Header Files</Filter>
    </ClInclude>
    <ClInclude Include="..\game\bg_public.h">
      <Filter>Header Files</Filter>
    </ClInclude>
    <ClInclude Include="..\game\bg_strap.h">
      <Filter>Header Files</Filter>
    </ClInclude>
    <ClInclude Include="..\game\bg_weapons.h">
      <Filter>Header Files</Filter>
    </ClInclude>
    <ClInclude Include="cg_crossover.h">
      <Filter>Header Files</Filter>
    </ClInclude>
    <ClInclude Include="cg_lights.h">
      <Filter>Header Files</Filter>
    </ClInclude>
    <ClInclude Include="cg_local.h">
      <Filter>Header Files</Filter>
    </ClInclude>
    <ClInclude Include="cg_postprocess.h">
      <Filter>Header Files</Filter>
    </ClInclude>
    <ClInclude Include="cg_public.h">
      <Filter>Header Files</Filter>
    </ClInclude>
    <ClInclude Include="cg_weapons.h">
      <Filter>Header Files</Filter>
    </ClInclude>
    <ClInclude Include="..\shared\qcommon\disablewarnings.h">
      <Filter>Header Files</Filter>
    </ClInclude>
    <ClInclude Include="fx_local.h">
      <Filter>Header Files</Filter>
    </ClInclude>
    <ClInclude Include="..\shared\ghoul2\G2.h">
      <Filter>Header Files</Filter>
    </ClInclude>
    <ClInclude Include="holocronicons.h">
      <Filter>Header Files</Filter>
    </ClInclude>
    <ClInclude Include="jkg_cg_auxlib.h">
      <Filter>Header Files</Filter>
    </ClInclude>
    <ClInclude Include="jkg_cg_damagetypes.h">
      <Filter>Header Files</Filter>
    </ClInclude>
    <ClInclude Include="jkg_cg_items.h">
      <Filter>Header Files</Filter>
    </ClInclude>
    <ClInclude Include="jkg_chatcmds.h">
      <Filter>Header Files</Filter>
    </ClInclude>
    <ClInclude Include="jkg_eshader.h">
      <Filter>Header Files</Filter>
    </ClInclude>
    <ClInclude Include="jkg_framebuffers.h">
      <Filter>Header Files</Filter>
    </ClInclude>
    <ClInclude Include="..\game\jkg_gangwars.h">
      <Filter>Header Files</Filter>
    </ClInclude>
    <ClInclude Include="jkg_glcommon.h">
      <Filter>Header Files</Filter>
    </ClInclude>
    <ClInclude Include="jkg_hud.h">
      <Filter>Header Files</Filter>
    </ClInclude>
    <ClInclude Include="jkg_navmesh_visualiser.h">
      <Filter>Header Files</Filter>
    </ClInclude>
    <ClInclude Include="jkg_patcher.h">
      <Filter>Header Files</Filter>
    </ClInclude>
    <ClInclude Include="jkg_pixelshaders.h">
      <Filter>Header Files</Filter>
    </ClInclude>
    <ClInclude Include="..\ui\keycodes.h">
      <Filter>Header Files</Filter>
    </ClInclude>
    <ClInclude Include="..\..\JKGalaxies\ui\menudef.h">
      <Filter>Header Files</Filter>
    </ClInclude>
    <ClInclude Include="..\game\q_shared.h">
      <Filter>Header Files</Filter>
    </ClInclude>
    <ClInclude Include="..\shared\qcommon\qfiles.h">
      <Filter>Header Files</Filter>
    </ClInclude>
    <ClInclude Include="..\win32\resource.h">
      <Filter>Header Files</Filter>
    </ClInclude>
    <ClInclude Include="..\game\surfaceflags.h">
      <Filter>Header Files</Filter>
    </ClInclude>
    <ClInclude Include="..\shared\qcommon\tags.h">
      <Filter>Header Files</Filter>
    </ClInclude>
    <ClInclude Include="tr_types.h">
      <Filter>Header Files</Filter>
    </ClInclude>
    <ClInclude Include="..\ui\ui_shared.h">
      <Filter>Header Files</Filter>
    </ClInclude>
    <ClInclude Include="..\game\z_global_defines.h">
      <Filter>Header Files</Filter>
    </ClInclude>
    <ClInclude Include="..\network\ByteBuffer.h">
      <Filter>Header Files\Network</Filter>
    </ClInclude>
    <ClInclude Include="..\network\ClientGame.h">
      <Filter>Header Files\Network</Filter>
    </ClInclude>
    <ClInclude Include="..\network\ClientNetwork.h">
      <Filter>Header Files\Network</Filter>
    </ClInclude>
    <ClInclude Include="..\network\Common.h">
      <Filter>Header Files\Network</Filter>
    </ClInclude>
    <ClInclude Include="..\network\NetworkData.h">
      <Filter>Header Files\Network</Filter>
    </ClInclude>
    <ClInclude Include="..\network\NetworkServices.h">
      <Filter>Header Files\Network</Filter>
    </ClInclude>
    <ClInclude Include="..\network\stdafx.h">
      <Filter>Header Files\Network</Filter>
    </ClInclude>
    <ClInclude Include="..\network\targetver.h">
      <Filter>Header Files\Network</Filter>
    </ClInclude>
    <ClInclude Include="..\libraries\libudis86\decode.h">
      <Filter>Libraries\LibUDis86\Header Files</Filter>
    </ClInclude>
    <ClInclude Include="..\libraries\libudis86\extern.h">
      <Filter>Libraries\LibUDis86\Header Files</Filter>
    </ClInclude>
    <ClInclude Include="..\libraries\libudis86\input.h">
      <Filter>Libraries\LibUDis86\Header Files</Filter>
    </ClInclude>
    <ClInclude Include="..\libraries\libudis86\itab.h">
      <Filter>Libraries\LibUDis86\Header Files</Filter>
    </ClInclude>
    <ClInclude Include="..\libraries\libudis86\syn.h">
      <Filter>Libraries\LibUDis86\Header Files</Filter>
    </ClInclude>
    <ClInclude Include="..\libraries\libudis86\types.h">
      <Filter>Libraries\LibUDis86\Header Files</Filter>
    </ClInclude>
    <ClInclude Include="..\libraries\libudis86\udis86.h">
      <Filter>Libraries\LibUDis86\Header Files</Filter>
    </ClInclude>
    <ClInclude Include="..\libraries\json\cJSON.h">
      <Filter>Libraries\Json\Header Files</Filter>
    </ClInclude>
    <ClInclude Include="..\libraries\zlib\crc32.h">
      <Filter>Libraries\Zlib\Header Files</Filter>
    </ClInclude>
    <ClInclude Include="..\libraries\zlib\deflate.h">
      <Filter>Libraries\Zlib\Header Files</Filter>
    </ClInclude>
    <ClInclude Include="..\libraries\zlib\inffast.h">
      <Filter>Libraries\Zlib\Header Files</Filter>
    </ClInclude>
    <ClInclude Include="..\libraries\zlib\inffixed.h">
      <Filter>Libraries\Zlib\Header Files</Filter>
    </ClInclude>
    <ClInclude Include="..\libraries\zlib\inflate.h">
      <Filter>Libraries\Zlib\Header Files</Filter>
    </ClInclude>
    <ClInclude Include="..\libraries\zlib\inftrees.h">
      <Filter>Libraries\Zlib\Header Files</Filter>
    </ClInclude>
    <ClInclude Include="..\libraries\zlib\trees.h">
      <Filter>Libraries\Zlib\Header Files</Filter>
    </ClInclude>
    <ClInclude Include="..\libraries\zlib\zconf.h">
      <Filter>Libraries\Zlib\Header Files</Filter>
    </ClInclude>
    <ClInclude Include="..\libraries\zlib\zconf.in.h">
      <Filter>Libraries\Zlib\Header Files</Filter>
    </ClInclude>
    <ClInclude Include="..\libraries\zlib\zlib.h">
      <Filter>Libraries\Zlib\Header Files</Filter>
    </ClInclude>
    <ClInclude Include="..\libraries\zlib\zutil.h">
      <Filter>Libraries\Zlib\Header Files</Filter>
    </ClInclude>
    <ClInclude Include="..\libraries\encoding\base128.h">
      <Filter>Libraries\Base128\Header Files</Filter>
    </ClInclude>
    <ClInclude Include="..\libraries\encoding\bitstream.h">
      <Filter>Libraries\BitStream\Header Files</Filter>
    </ClInclude>
    <ClInclude Include="..\libraries\Detour\Include\DetourAlloc.h">
      <Filter>Libraries\Detour\Header Files</Filter>
    </ClInclude>
    <ClInclude Include="..\libraries\Detour\Include\DetourAssert.h">
      <Filter>Libraries\Detour\Header Files</Filter>
    </ClInclude>
    <ClInclude Include="..\libraries\Detour\Include\DetourCommon.h">
      <Filter>Libraries\Detour\Header Files</Filter>
    </ClInclude>
    <ClInclude Include="..\libraries\Detour\Include\DetourNavMesh.h">
      <Filter>Libraries\Detour\Header Files</Filter>
    </ClInclude>
    <ClInclude Include="..\libraries\Detour\Include\DetourNavMeshBuilder.h">
      <Filter>Libraries\Detour\Header Files</Filter>
    </ClInclude>
    <ClInclude Include="..\libraries\Detour\Include\DetourNavMeshQuery.h">
      <Filter>Libraries\Detour\Header Files</Filter>
    </ClInclude>
    <ClInclude Include="..\libraries\Detour\Include\DetourNode.h">
      <Filter>Libraries\Detour\Header Files</Filter>
    </ClInclude>
    <ClInclude Include="..\libraries\Detour\Include\DetourStatus.h">
      <Filter>Libraries\Detour\Header Files</Filter>
    </ClInclude>
    <ClInclude Include="..\libraries\DetourTileCache\DetourTileCacheBuilder.h">
      <Filter>Libraries\Detour\Header Files</Filter>
    </ClInclude>
    <ClInclude Include="..\libraries\Recast\Include\Recast.h">
      <Filter>Libraries\Recast\Header Files</Filter>
    </ClInclude>
    <ClInclude Include="..\libraries\Recast\Include\RecastAlloc.h">
      <Filter>Libraries\Recast\Header Files</Filter>
    </ClInclude>
    <ClInclude Include="..\libraries\Recast\Include\RecastAssert.h">
      <Filter>Libraries\Recast\Header Files</Filter>
    </ClInclude>
    <ClInclude Include="..\libraries\RDDebugUtils\Include\DebugDraw.h">
      <Filter>Libraries\RDDebugUtils\Header Files</Filter>
    </ClInclude>
    <ClInclude Include="..\libraries\RDDebugUtils\Include\DetourDebugDraw.h">
      <Filter>Libraries\RDDebugUtils\Header Files</Filter>
    </ClInclude>
    <ClInclude Include="..\libraries\RDDebugUtils\Include\RecastDebugDraw.h">
      <Filter>Libraries\RDDebugUtils\Header Files</Filter>
    </ClInclude>
    <ClInclude Include="..\libraries\RDDebugUtils\Include\RecastDump.h">
      <Filter>Libraries\RDDebugUtils\Header Files</Filter>
    </ClInclude>
    <ClInclude Include="..\libraries\glew\include\GL\glew.h">
      <Filter>Libraries\GLEW\Header Files\GL</Filter>
    </ClInclude>
    <ClInclude Include="..\libraries\glew\include\GL\glxew.h">
      <Filter>Libraries\GLEW\Header Files\GL</Filter>
    </ClInclude>
    <ClInclude Include="..\libraries\glew\include\GL\wglew.h">
      <Filter>Libraries\GLEW\Header Files\GL</Filter>
    </ClInclude>
    <ClInclude Include="bass.h">
      <Filter>Libraries\Bass\Header Files</Filter>
    </ClInclude>
    <ClInclude Include="basstest.h">
      <Filter>Libraries\Bass\Header Files</Filter>
    </ClInclude>
    <ClInclude Include="..\gameswf\compatibility_include.h">
      <Filter>Libraries\gameswf</Filter>
    </ClInclude>
    <ClInclude Include="..\gameswf\gameswf.h">
      <Filter>Libraries\gameswf</Filter>
    </ClInclude>
    <ClInclude Include="..\gameswf\gameswf_action.h">
      <Filter>Libraries\gameswf</Filter>
    </ClInclude>
    <ClInclude Include="..\gameswf\gameswf_button.h">
      <Filter>Libraries\gameswf</Filter>
    </ClInclude>
    <ClInclude Include="..\gameswf\gameswf_dlist.h">
      <Filter>Libraries\gameswf</Filter>
    </ClInclude>
    <ClInclude Include="..\gameswf\gameswf_font.h">
      <Filter>Libraries\gameswf</Filter>
    </ClInclude>
    <ClInclude Include="..\gameswf\gameswf_fontlib.h">
      <Filter>Libraries\gameswf</Filter>
    </ClInclude>
    <ClInclude Include="..\gameswf\gameswf_impl.h">
      <Filter>Libraries\gameswf</Filter>
    </ClInclude>
    <ClInclude Include="..\gameswf\gameswf_log.h">
      <Filter>Libraries\gameswf</Filter>
    </ClInclude>
    <ClInclude Include="..\gameswf\gameswf_morph.h">
      <Filter>Libraries\gameswf</Filter>
    </ClInclude>
    <ClInclude Include="..\gameswf\gameswf_morph2.h">
      <Filter>Libraries\gameswf</Filter>
    </ClInclude>
    <ClInclude Include="..\gameswf\gameswf_render.h">
      <Filter>Libraries\gameswf</Filter>
    </ClInclude>
    <ClInclude Include="..\gameswf\gameswf_shape.h">
      <Filter>Libraries\gameswf</Filter>
    </ClInclude>
    <ClInclude Include="..\gameswf\gameswf_sound.h">
      <Filter>Libraries\gameswf</Filter>
    </ClInclude>
    <ClInclude Include="..\gameswf\gameswf_stream.h">
      <Filter>Libraries\gameswf</Filter>
    </ClInclude>
    <ClInclude Include="..\gameswf\gameswf_styles.h">
      <Filter>Libraries\gameswf</Filter>
    </ClInclude>
    <ClInclude Include="..\gameswf\gameswf_tesselate.h">
      <Filter>Libraries\gameswf</Filter>
    </ClInclude>
    <ClInclude Include="..\gameswf\gameswf_types.h">
      <Filter>Libraries\gameswf</Filter>
    </ClInclude>
    <ClInclude Include="..\gameswf\base\config.h">
      <Filter>Libraries\gameswf\base</Filter>
    </ClInclude>
    <ClInclude Include="..\gameswf\base\container.h">
      <Filter>Libraries\gameswf\base</Filter>
    </ClInclude>
    <ClInclude Include="..\gameswf\base\cschema.h">
      <Filter>Libraries\gameswf\base</Filter>
    </ClInclude>
    <ClInclude Include="..\gameswf\base\dlmalloc.h">
      <Filter>Libraries\gameswf\base</Filter>
    </ClInclude>
    <ClInclude Include="..\gameswf\base\image.h">
      <Filter>Libraries\gameswf\base</Filter>
    </ClInclude>
    <ClInclude Include="..\gameswf\base\jpeg.h">
      <Filter>Libraries\gameswf\base</Filter>
    </ClInclude>
    <ClInclude Include="..\gameswf\base\ogl.h">
      <Filter>Libraries\gameswf\base</Filter>
    </ClInclude>
    <ClInclude Include="..\gameswf\base\postscript.h">
      <Filter>Libraries\gameswf\base</Filter>
    </ClInclude>
    <ClInclude Include="..\gameswf\base\smart_ptr.h">
      <Filter>Libraries\gameswf\base</Filter>
    </ClInclude>
    <ClInclude Include="..\gameswf\base\tu_config.h">
      <Filter>Libraries\gameswf\base</Filter>
    </ClInclude>
    <ClInclude Include="..\gameswf\base\tu_file.h">
      <Filter>Libraries\gameswf\base</Filter>
    </ClInclude>
    <ClInclude Include="..\gameswf\base\tu_math.h">
      <Filter>Libraries\gameswf\base</Filter>
    </ClInclude>
    <ClInclude Include="..\gameswf\base\tu_opengl_includes.h">
      <Filter>Libraries\gameswf\base</Filter>
    </ClInclude>
    <ClInclude Include="..\gameswf\base\tu_random.h">
      <Filter>Libraries\gameswf\base</Filter>
    </ClInclude>
    <ClInclude Include="..\gameswf\base\tu_swap.h">
      <Filter>Libraries\gameswf\base</Filter>
    </ClInclude>
    <ClInclude Include="..\gameswf\base\tu_types.h">
      <Filter>Libraries\gameswf\base</Filter>
    </ClInclude>
    <ClInclude Include="..\gameswf\base\utf8.h">
      <Filter>Libraries\gameswf\base</Filter>
    </ClInclude>
    <ClInclude Include="..\gameswf\base\utility.h">
      <Filter>Libraries\gameswf\base</Filter>
    </ClInclude>
    <ClInclude Include="..\gameswf\base\zlib_adapter.h">
      <Filter>Libraries\gameswf\base</Filter>
    </ClInclude>
    <ClInclude Include="..\gameswf\dependencies\SDL\include\begin_code.h">
      <Filter>Libraries\gameswf\SDL</Filter>
    </ClInclude>
    <ClInclude Include="..\gameswf\dependencies\SDL\include\close_code.h">
      <Filter>Libraries\gameswf\SDL</Filter>
    </ClInclude>
    <ClInclude Include="..\gameswf\dependencies\SDL\include\SDL.h">
      <Filter>Libraries\gameswf\SDL</Filter>
    </ClInclude>
    <ClInclude Include="..\gameswf\dependencies\SDL\include\SDL_active.h">
      <Filter>Libraries\gameswf\SDL</Filter>
    </ClInclude>
    <ClInclude Include="..\gameswf\dependencies\SDL\include\SDL_audio.h">
      <Filter>Libraries\gameswf\SDL</Filter>
    </ClInclude>
    <ClInclude Include="..\gameswf\dependencies\SDL\include\SDL_byteorder.h">
      <Filter>Libraries\gameswf\SDL</Filter>
    </ClInclude>
    <ClInclude Include="..\gameswf\dependencies\SDL\include\SDL_cdrom.h">
      <Filter>Libraries\gameswf\SDL</Filter>
    </ClInclude>
    <ClInclude Include="..\gameswf\dependencies\SDL\include\SDL_config.h">
      <Filter>Libraries\gameswf\SDL</Filter>
    </ClInclude>
    <ClInclude Include="..\gameswf\dependencies\SDL\include\SDL_config_dreamcast.h">
      <Filter>Libraries\gameswf\SDL</Filter>
    </ClInclude>
    <ClInclude Include="..\gameswf\dependencies\SDL\include\SDL_config_macos.h">
      <Filter>Libraries\gameswf\SDL</Filter>
    </ClInclude>
    <ClInclude Include="..\gameswf\dependencies\SDL\include\SDL_config_macosx.h">
      <Filter>Libraries\gameswf\SDL</Filter>
    </ClInclude>
    <ClInclude Include="..\gameswf\dependencies\SDL\include\SDL_config_minimal.h">
      <Filter>Libraries\gameswf\SDL</Filter>
    </ClInclude>
    <ClInclude Include="..\gameswf\dependencies\SDL\include\SDL_config_nds.h">
      <Filter>Libraries\gameswf\SDL</Filter>
    </ClInclude>
    <ClInclude Include="..\gameswf\dependencies\SDL\include\SDL_config_os2.h">
      <Filter>Libraries\gameswf\SDL</Filter>
    </ClInclude>
    <ClInclude Include="..\gameswf\dependencies\SDL\include\SDL_config_symbian.h">
      <Filter>Libraries\gameswf\SDL</Filter>
    </ClInclude>
    <ClInclude Include="..\gameswf\dependencies\SDL\include\SDL_config_win32.h">
      <Filter>Libraries\gameswf\SDL</Filter>
    </ClInclude>
    <ClInclude Include="..\gameswf\dependencies\SDL\include\SDL_copying.h">
      <Filter>Libraries\gameswf\SDL</Filter>
    </ClInclude>
    <ClInclude Include="..\gameswf\dependencies\SDL\include\SDL_cpuinfo.h">
      <Filter>Libraries\gameswf\SDL</Filter>
    </ClInclude>
    <ClInclude Include="..\gameswf\dependencies\SDL\include\SDL_endian.h">
      <Filter>Libraries\gameswf\SDL</Filter>
    </ClInclude>
    <ClInclude Include="..\gameswf\dependencies\SDL\include\SDL_error.h">
      <Filter>Libraries\gameswf\SDL</Filter>
    </ClInclude>
    <ClInclude Include="..\gameswf\dependencies\SDL\include\SDL_events.h">
      <Filter>Libraries\gameswf\SDL</Filter>
    </ClInclude>
    <ClInclude Include="..\gameswf\dependencies\SDL\include\SDL_getenv.h">
      <Filter>Libraries\gameswf\SDL</Filter>
    </ClInclude>
    <ClInclude Include="..\gameswf\dependencies\SDL\include\SDL_joystick.h">
      <Filter>Libraries\gameswf\SDL</Filter>
    </ClInclude>
    <ClInclude Include="..\gameswf\dependencies\SDL\include\SDL_keyboard.h">
      <Filter>Libraries\gameswf\SDL</Filter>
    </ClInclude>
    <ClInclude Include="..\gameswf\dependencies\SDL\include\SDL_keysym.h">
      <Filter>Libraries\gameswf\SDL</Filter>
    </ClInclude>
    <ClInclude Include="..\gameswf\dependencies\SDL\include\SDL_loadso.h">
      <Filter>Libraries\gameswf\SDL</Filter>
    </ClInclude>
    <ClInclude Include="..\gameswf\dependencies\SDL\include\SDL_main.h">
      <Filter>Libraries\gameswf\SDL</Filter>
    </ClInclude>
    <ClInclude Include="..\gameswf\dependencies\SDL\include\SDL_mouse.h">
      <Filter>Libraries\gameswf\SDL</Filter>
    </ClInclude>
    <ClInclude Include="..\gameswf\dependencies\SDL\include\SDL_mutex.h">
      <Filter>Libraries\gameswf\SDL</Filter>
    </ClInclude>
    <ClInclude Include="..\gameswf\dependencies\SDL\include\SDL_name.h">
      <Filter>Libraries\gameswf\SDL</Filter>
    </ClInclude>
    <ClInclude Include="..\gameswf\dependencies\SDL\include\SDL_opengl.h">
      <Filter>Libraries\gameswf\SDL</Filter>
    </ClInclude>
    <ClInclude Include="..\gameswf\dependencies\SDL\include\SDL_platform.h">
      <Filter>Libraries\gameswf\SDL</Filter>
    </ClInclude>
    <ClInclude Include="..\gameswf\dependencies\SDL\include\SDL_quit.h">
      <Filter>Libraries\gameswf\SDL</Filter>
    </ClInclude>
    <ClInclude Include="..\gameswf\dependencies\SDL\include\SDL_rwops.h">
      <Filter>Libraries\gameswf\SDL</Filter>
    </ClInclude>
    <ClInclude Include="..\gameswf\dependencies\SDL\include\SDL_stdinc.h">
      <Filter>Libraries\gameswf\SDL</Filter>
    </ClInclude>
    <ClInclude Include="..\gameswf\dependencies\SDL\include\SDL_syswm.h">
      <Filter>Libraries\gameswf\SDL</Filter>
    </ClInclude>
    <ClInclude Include="..\gameswf\dependencies\SDL\include\SDL_thread.h">
      <Filter>Libraries\gameswf\SDL</Filter>
    </ClInclude>
    <ClInclude Include="..\gameswf\dependencies\SDL\include\SDL_timer.h">
      <Filter>Libraries\gameswf\SDL</Filter>
    </ClInclude>
    <ClInclude Include="..\gameswf\dependencies\SDL\include\SDL_types.h">
      <Filter>Libraries\gameswf\SDL</Filter>
    </ClInclude>
    <ClInclude Include="..\gameswf\dependencies\SDL\include\SDL_version.h">
      <Filter>Libraries\gameswf\SDL</Filter>
    </ClInclude>
    <ClInclude Include="..\gameswf\dependencies\SDL\include\SDL_video.h">
      <Filter>Libraries\gameswf\SDL</Filter>
    </ClInclude>
    <ClInclude Include="..\gameswf\dependencies\jpeglib\include\jconfig.h">
      <Filter>Libraries\gameswf\Other Dependencies</Filter>
    </ClInclude>
    <ClInclude Include="..\gameswf\dependencies\jpeglib\include\jerror.h">
      <Filter>Libraries\gameswf\Other Dependencies</Filter>
    </ClInclude>
    <ClInclude Include="..\gameswf\dependencies\jpeglib\include\jmorecfg.h">
      <Filter>Libraries\gameswf\Other Dependencies</Filter>
    </ClInclude>
    <ClInclude Include="..\gameswf\dependencies\jpeglib\include\jpeglib.h">
      <Filter>Libraries\gameswf\Other Dependencies</Filter>
    </ClInclude>
  </ItemGroup>
  <ItemGroup>
    <None Include="JK2_cgame.def">
      <Filter>Header Files</Filter>
    </None>
    <None Include="..\gameswf\gameswf_parser.exe">
      <Filter>Libraries\gameswf</Filter>
    </None>
    <None Include="..\gameswf\gameswf_processor.exe">
      <Filter>Libraries\gameswf</Filter>
    </None>
    <None Include="..\gameswf\gameswf_test_ogl.exe">
      <Filter>Libraries\gameswf</Filter>
    </None>
  </ItemGroup>
  <ItemGroup>
    <ResourceCompile Include="..\win32\JK2cgame.rc">
      <Filter>win32</Filter>
    </ResourceCompile>
    <ResourceCompile Include="loadnget.rc">
      <Filter>Resource Files</Filter>
    </ResourceCompile>
  </ItemGroup>
</Project>