<?xml version="1.0" encoding="utf-8"?>
<Project ToolsVersion="4.0" xmlns="http://schemas.microsoft.com/developer/msbuild/2003">
  <ItemGroup>
    <Filter Include="Source Files">
      <UniqueIdentifier>{e43a6b61-142d-4951-ad7a-599a258b245c}</UniqueIdentifier>
      <Extensions>cpp;c;cxx;rc;def;r;odl;idl;hpj;bat</Extensions>
    </Filter>
    <Filter Include="Source Files\Modules">
      <UniqueIdentifier>{076d2b8e-0baa-40aa-8fa6-b2b5745f0d14}</UniqueIdentifier>
    </Filter>
    <Filter Include="Header Files">
      <UniqueIdentifier>{523f6ceb-e7f3-434f-88a7-8be888147ee7}</UniqueIdentifier>
      <Extensions>h;hpp;hxx;hm;inl</Extensions>
    </Filter>
    <Filter Include="Header Files\Modules">
      <UniqueIdentifier>{ce740250-3698-4015-908b-2deb3500f9dc}</UniqueIdentifier>
    </Filter>
    <Filter Include="win32">
      <UniqueIdentifier>{4a905d76-32a4-4056-a9fe-68adf745dd82}</UniqueIdentifier>
    </Filter>
    <Filter Include="Libraries">
      <UniqueIdentifier>{be0b75a2-85a7-40e7-8409-d29d102847fd}</UniqueIdentifier>
    </Filter>
    <Filter Include="Libraries\LibUDis86">
      <UniqueIdentifier>{413bd5bc-d36b-47eb-bb35-737120b0625a}</UniqueIdentifier>
    </Filter>
    <Filter Include="Libraries\LibUDis86\Source Files">
      <UniqueIdentifier>{b9e99292-d265-44da-b79f-e76d19eaccb9}</UniqueIdentifier>
    </Filter>
    <Filter Include="Libraries\LibUDis86\Header Files">
      <UniqueIdentifier>{d74a7ce1-f856-4568-9688-1f5ac23f0f33}</UniqueIdentifier>
    </Filter>
    <Filter Include="Libraries\Json">
      <UniqueIdentifier>{1dcfccc5-9653-46a4-b6a6-fb4bc3f5b9a6}</UniqueIdentifier>
    </Filter>
    <Filter Include="Libraries\Json\Header Files">
      <UniqueIdentifier>{d9867f12-cb73-48a7-b579-57480f85f707}</UniqueIdentifier>
    </Filter>
    <Filter Include="Libraries\Json\Source Files">
      <UniqueIdentifier>{6bfc0f29-ae42-403f-82eb-62f0e64f589f}</UniqueIdentifier>
    </Filter>
    <Filter Include="Libraries\Base128">
      <UniqueIdentifier>{94dcde5a-3484-4ed9-9823-acf62829dfc8}</UniqueIdentifier>
    </Filter>
    <Filter Include="Libraries\Base128\Source Files">
      <UniqueIdentifier>{ba25b6c0-84ed-4ff2-8a7b-de0882f56fab}</UniqueIdentifier>
    </Filter>
    <Filter Include="Libraries\Base128\Header Files">
      <UniqueIdentifier>{be8b992e-5017-4978-8261-ac147afcb542}</UniqueIdentifier>
    </Filter>
    <Filter Include="Libraries\BitStream">
      <UniqueIdentifier>{1ae31288-1baa-433f-a719-14bef8b8b620}</UniqueIdentifier>
    </Filter>
    <Filter Include="Libraries\BitStream\Header Files">
      <UniqueIdentifier>{adcab440-96a4-4222-af99-64254fd7e93d}</UniqueIdentifier>
    </Filter>
    <Filter Include="Libraries\BitStream\Source Files">
      <UniqueIdentifier>{9cf66e14-a3a9-4b63-9646-66ebf94900c9}</UniqueIdentifier>
    </Filter>
    <Filter Include="Libraries\Expat">
      <UniqueIdentifier>{168ba7c8-98c0-483f-a9cf-cd1efe196f14}</UniqueIdentifier>
    </Filter>
    <Filter Include="Libraries\Expat\Header Files">
      <UniqueIdentifier>{2b1cdefd-8be0-478b-8ecf-d2736966c1ab}</UniqueIdentifier>
    </Filter>
    <Filter Include="Libraries\Bass">
      <UniqueIdentifier>{5dd5e049-04f4-407e-9397-05615ea961a9}</UniqueIdentifier>
    </Filter>
    <Filter Include="Resources">
      <UniqueIdentifier>{c59fe1c5-6e88-423f-88ca-968a9195247a}</UniqueIdentifier>
    </Filter>
  </ItemGroup>
  <ItemGroup>
    <ClCompile Include="..\game\animtable.c">
      <Filter>Source Files</Filter>
    </ClCompile>
    <ClCompile Include="..\game\bg_ammo.c">
      <Filter>Source Files</Filter>
    </ClCompile>
    <ClCompile Include="..\game\bg_constants.c">
      <Filter>Source Files</Filter>
    </ClCompile>
    <ClCompile Include="..\game\bg_lib.c">
      <Filter>Source Files</Filter>
    </ClCompile>
    <ClCompile Include="..\game\bg_misc.c">
      <Filter>Source Files</Filter>
    </ClCompile>
    <ClCompile Include="..\game\bg_vehicleLoad.c">
      <Filter>Source Files</Filter>
    </ClCompile>
    <ClCompile Include="..\game\bg_weapons.c">
      <Filter>Source Files</Filter>
    </ClCompile>
    <ClCompile Include="..\game\bg_weapons_load.c">
      <Filter>Source Files</Filter>
    </ClCompile>
    <ClCompile Include="..\game\jkg_gangwars.c">
      <Filter>Source Files</Filter>
    </ClCompile>
    <ClCompile Include="..\cgame\jkg_musicengine.c">
      <Filter>Source Files</Filter>
    </ClCompile>
    <ClCompile Include="jkg_ui_auxlib.c">
      <Filter>Source Files</Filter>
    </ClCompile>
    <ClCompile Include="..\game\networkstate.c">
      <Filter>Source Files</Filter>
    </ClCompile>
    <ClCompile Include="..\game\q_math.c">
      <Filter>Source Files</Filter>
    </ClCompile>
    <ClCompile Include="..\game\q_shared.c">
      <Filter>Source Files</Filter>
    </ClCompile>
    <ClCompile Include="ui_anticheat.c">
      <Filter>Source Files</Filter>
    </ClCompile>
    <ClCompile Include="ui_atoms.c">
      <Filter>Source Files</Filter>
    </ClCompile>
    <ClCompile Include="ui_crossover.c">
      <Filter>Source Files</Filter>
    </ClCompile>
    <ClCompile Include="ui_engine.c">
      <Filter>Source Files</Filter>
    </ClCompile>
    <ClCompile Include="ui_force.c">
      <Filter>Source Files</Filter>
    </ClCompile>
    <ClCompile Include="ui_gameinfo.c">
      <Filter>Source Files</Filter>
    </ClCompile>
    <ClCompile Include="ui_jkgscript.c">
      <Filter>Source Files</Filter>
    </ClCompile>
    <ClCompile Include="ui_main.c">
      <Filter>Source Files</Filter>
    </ClCompile>
    <ClCompile Include="ui_md5check.c">
      <Filter>Source Files</Filter>
    </ClCompile>
    <ClCompile Include="..\cgame\ui_network.c">
      <Filter>Source Files</Filter>
    </ClCompile>
    <ClCompile Include="ui_saber.c">
      <Filter>Source Files</Filter>
    </ClCompile>
    <ClCompile Include="ui_servercmds.c">
      <Filter>Source Files</Filter>
    </ClCompile>
    <ClCompile Include="ui_shared.c">
      <Filter>Source Files</Filter>
    </ClCompile>
    <ClCompile Include="ui_strap.c">
      <Filter>Source Files</Filter>
    </ClCompile>
    <ClCompile Include="ui_syscalls.c">
      <Filter>Source Files</Filter>
    </ClCompile>
    <ClCompile Include="jkg_conversations.c">
      <Filter>Source Files\Modules</Filter>
    </ClCompile>
    <ClCompile Include="jkg_gangwars_ui.c">
      <Filter>Source Files\Modules</Filter>
    </ClCompile>
    <ClCompile Include="jkg_inventory.c">
      <Filter>Source Files\Modules</Filter>
    </ClCompile>
    <ClCompile Include="jkg_loot.c">
      <Filter>Source Files\Modules</Filter>
    </ClCompile>
    <ClCompile Include="jkg_partymanager.c">
      <Filter>Source Files\Modules</Filter>
    </ClCompile>
    <ClCompile Include="jkg_pazaak.c">
      <Filter>Source Files\Modules</Filter>
    </ClCompile>
    <ClCompile Include="jkg_shop.c">
      <Filter>Source Files\Modules</Filter>
    </ClCompile>
    <ClCompile Include="jkg_slice.c">
      <Filter>Source Files\Modules</Filter>
    </ClCompile>
    <ClCompile Include="..\libraries\libudis86\decode.c">
      <Filter>Libraries\LibUDis86\Source Files</Filter>
    </ClCompile>
    <ClCompile Include="..\libraries\libudis86\input.c">
      <Filter>Libraries\LibUDis86\Source Files</Filter>
    </ClCompile>
    <ClCompile Include="..\libraries\libudis86\itab.c">
      <Filter>Libraries\LibUDis86\Source Files</Filter>
    </ClCompile>
    <ClCompile Include="..\libraries\libudis86\syn-att.c">
      <Filter>Libraries\LibUDis86\Source Files</Filter>
    </ClCompile>
    <ClCompile Include="..\libraries\libudis86\syn-intel.c">
      <Filter>Libraries\LibUDis86\Source Files</Filter>
    </ClCompile>
    <ClCompile Include="..\libraries\libudis86\syn.c">
      <Filter>Libraries\LibUDis86\Source Files</Filter>
    </ClCompile>
    <ClCompile Include="..\libraries\libudis86\udis86.c">
      <Filter>Libraries\LibUDis86\Source Files</Filter>
    </ClCompile>
    <ClCompile Include="..\libraries\json\cJSON.c">
      <Filter>Libraries\Json\Source Files</Filter>
    </ClCompile>
    <ClCompile Include="..\libraries\encoding\base128.c">
      <Filter>Libraries\Base128\Source Files</Filter>
    </ClCompile>
    <ClCompile Include="..\libraries\encoding\bitstream.c">
      <Filter>Libraries\BitStream\Source Files</Filter>
    </ClCompile>
  </ItemGroup>
  <ItemGroup>
    <ClInclude Include="..\game\anims.h">
      <Filter>Header Files</Filter>
    </ClInclude>
    <ClInclude Include="aux_ui_exports.h">
      <Filter>Header Files</Filter>
    </ClInclude>
    <ClInclude Include="..\game\bg_ammo.h">
      <Filter>Header Files</Filter>
    </ClInclude>
    <ClInclude Include="..\game\bg_local.h">
      <Filter>Header Files</Filter>
    </ClInclude>
    <ClInclude Include="..\game\bg_public.h">
      <Filter>Header Files</Filter>
    </ClInclude>
    <ClInclude Include="..\game\bg_strap.h">
      <Filter>Header Files</Filter>
    </ClInclude>
    <ClInclude Include="..\game\bg_weapons.h">
      <Filter>Header Files</Filter>
    </ClInclude>
    <ClInclude Include="..\shared\qcommon\disablewarnings.h">
      <Filter>Header Files</Filter>
    </ClInclude>
    <ClInclude Include="..\shared\qcommon\game_version.h">
      <Filter>Header Files</Filter>
    </ClInclude>
    <ClInclude Include="..\game\jkg_gangwars.h">
      <Filter>Header Files</Filter>
    </ClInclude>
    <ClInclude Include="jkg_ui_auxlib.h">
      <Filter>Header Files</Filter>
    </ClInclude>
    <ClInclude Include="keycodes.h">
      <Filter>Header Files</Filter>
    </ClInclude>
    <ClInclude Include="..\..\JKGalaxies\ui\menudef.h">
      <Filter>Header Files</Filter>
    </ClInclude>
    <ClInclude Include="..\game\q_shared.h">
      <Filter>Header Files</Filter>
    </ClInclude>
    <ClInclude Include="..\shared\qcommon\qfiles.h">
      <Filter>Header Files</Filter>
    </ClInclude>
    <ClInclude Include="..\win32\resource.h">
      <Filter>Header Files</Filter>
    </ClInclude>
    <ClInclude Include="..\game\surfaceflags.h">
      <Filter>Header Files</Filter>
    </ClInclude>
    <ClInclude Include="..\shared\qcommon\tags.h">
      <Filter>Header Files</Filter>
    </ClInclude>
    <ClInclude Include="..\cgame\tr_types.h">
      <Filter>Header Files</Filter>
    </ClInclude>
    <ClInclude Include="ui_crossover.h">
      <Filter>Header Files</Filter>
    </ClInclude>
    <ClInclude Include="ui_force.h">
      <Filter>Header Files</Filter>
    </ClInclude>
    <ClInclude Include="ui_jkgscript.h">
      <Filter>Header Files</Filter>
    </ClInclude>
    <ClInclude Include="ui_local.h">
      <Filter>Header Files</Filter>
    </ClInclude>
    <ClInclude Include="ui_public.h">
      <Filter>Header Files</Filter>
    </ClInclude>
    <ClInclude Include="ui_shared.h">
      <Filter>Header Files</Filter>
    </ClInclude>
    <ClInclude Include="..\game\z_global_defines.h">
      <Filter>Header Files</Filter>
    </ClInclude>
    <ClInclude Include="jkg_conversations.h">
      <Filter>Header Files\Modules</Filter>
    </ClInclude>
    <ClInclude Include="jkg_gangwars_ui.h">
      <Filter>Header Files\Modules</Filter>
    </ClInclude>
    <ClInclude Include="jkg_inventory.h">
      <Filter>Header Files\Modules</Filter>
    </ClInclude>
    <ClInclude Include="jkg_lootui.h">
      <Filter>Header Files\Modules</Filter>
    </ClInclude>
    <ClInclude Include="jkg_partymanager.h">
      <Filter>Header Files\Modules</Filter>
    </ClInclude>
    <ClInclude Include="jkg_pazaak.h">
      <Filter>Header Files\Modules</Filter>
    </ClInclude>
    <ClInclude Include="jkg_slice.h">
      <Filter>Header Files\Modules</Filter>
    </ClInclude>
    <ClInclude Include="..\libraries\libudis86\decode.h">
      <Filter>Libraries\LibUDis86\Header Files</Filter>
    </ClInclude>
    <ClInclude Include="..\libraries\libudis86\extern.h">
      <Filter>Libraries\LibUDis86\Header Files</Filter>
    </ClInclude>
    <ClInclude Include="..\libraries\libudis86\input.h">
      <Filter>Libraries\LibUDis86\Header Files</Filter>
    </ClInclude>
    <ClInclude Include="..\libraries\libudis86\itab.h">
      <Filter>Libraries\LibUDis86\Header Files</Filter>
    </ClInclude>
    <ClInclude Include="..\libraries\libudis86\syn.h">
      <Filter>Libraries\LibUDis86\Header Files</Filter>
    </ClInclude>
    <ClInclude Include="..\libraries\libudis86\types.h">
      <Filter>Libraries\LibUDis86\Header Files</Filter>
    </ClInclude>
    <ClInclude Include="..\libraries\libudis86\udis86.h">
      <Filter>Libraries\LibUDis86\Header Files</Filter>
    </ClInclude>
    <ClInclude Include="..\libraries\json\cJSON.h">
      <Filter>Libraries\Json\Header Files</Filter>
    </ClInclude>
    <ClInclude Include="..\libraries\encoding\base128.h">
      <Filter>Libraries\Base128\Header Files</Filter>
    </ClInclude>
    <ClInclude Include="..\libraries\encoding\bitstream.h">
      <Filter>Libraries\BitStream\Header Files</Filter>
    </ClInclude>
    <ClInclude Include="..\libraries\libexpat\include\amigaconfig.h">
      <Filter>Libraries\Expat\Header Files</Filter>
    </ClInclude>
    <ClInclude Include="..\libraries\libexpat\include\ascii.h">
      <Filter>Libraries\Expat\Header Files</Filter>
    </ClInclude>
    <ClInclude Include="..\libraries\libexpat\include\asciitab.h">
      <Filter>Libraries\Expat\Header Files</Filter>
    </ClInclude>
    <ClInclude Include="..\libraries\libexpat\include\expat.h">
      <Filter>Libraries\Expat\Header Files</Filter>
    </ClInclude>
    <ClInclude Include="..\libraries\libexpat\include\expat_external.h">
      <Filter>Libraries\Expat\Header Files</Filter>
    </ClInclude>
    <ClInclude Include="..\libraries\libexpat\include\iasciitab.h">
      <Filter>Libraries\Expat\Header Files</Filter>
    </ClInclude>
    <ClInclude Include="..\libraries\libexpat\include\internal.h">
      <Filter>Libraries\Expat\Header Files</Filter>
    </ClInclude>
    <ClInclude Include="..\libraries\libexpat\include\latin1tab.h">
      <Filter>Libraries\Expat\Header Files</Filter>
    </ClInclude>
    <ClInclude Include="..\libraries\libexpat\include\macconfig.h">
      <Filter>Libraries\Expat\Header Files</Filter>
    </ClInclude>
    <ClInclude Include="..\libraries\libexpat\include\nametab.h">
      <Filter>Libraries\Expat\Header Files</Filter>
    </ClInclude>
    <ClInclude Include="..\libraries\libexpat\include\utf8tab.h">
      <Filter>Libraries\Expat\Header Files</Filter>
    </ClInclude>
    <ClInclude Include="..\libraries\libexpat\include\watcomconfig.h">
      <Filter>Libraries\Expat\Header Files</Filter>
    </ClInclude>
    <ClInclude Include="..\libraries\libexpat\include\winconfig.h">
      <Filter>Libraries\Expat\Header Files</Filter>
    </ClInclude>
    <ClInclude Include="..\libraries\libexpat\include\xmlrole.h">
      <Filter>Libraries\Expat\Header Files</Filter>
    </ClInclude>
    <ClInclude Include="..\libraries\libexpat\include\xmltok.h">
      <Filter>Libraries\Expat\Header Files</Filter>
    </ClInclude>
    <ClInclude Include="..\libraries\libexpat\include\xmltok_impl.h">
      <Filter>Libraries\Expat\Header Files</Filter>
    </ClInclude>
    <ClInclude Include="..\cgame\bass.h">
      <Filter>Libraries\Bass</Filter>
    </ClInclude>
    <ClInclude Include="..\cgame\basstest.h">
      <Filter>Libraries\Bass</Filter>
    </ClInclude>
  </ItemGroup>
  <ItemGroup>
    <None Include="ui.def">
      <Filter>Header Files</Filter>
    </None>
  </ItemGroup>
  <ItemGroup>
    <ResourceCompile Include="..\win32\ui.rc">
      <Filter>win32</Filter>
    </ResourceCompile>
    <ResourceCompile Include="..\cgame\loadnget.rc">
      <Filter>Resources</Filter>
    </ResourceCompile>
  </ItemGroup>
</Project>